// !$*UTF8*$!
{
	archiveVersion = 1;
	classes = {
	};
	objectVersion = 56;
	objects = {

/* Begin PBXBuildFile section */
		CC241D772902DFBA00DA9DE3 /* HomeViewController.swift in Sources */ = {isa = PBXBuildFile; fileRef = CC241D762902DFBA00DA9DE3 /* HomeViewController.swift */; };
		CC241D7B2902E3A900DA9DE3 /* HomeViewModel.swift in Sources */ = {isa = PBXBuildFile; fileRef = CC241D7A2902E3A900DA9DE3 /* HomeViewModel.swift */; };
		CCE3F5BA2901B6CC0000233F /* AppDelegate.swift in Sources */ = {isa = PBXBuildFile; fileRef = CCE3F5B92901B6CC0000233F /* AppDelegate.swift */; };
		CCE3F5BC2901B6CC0000233F /* SceneDelegate.swift in Sources */ = {isa = PBXBuildFile; fileRef = CCE3F5BB2901B6CC0000233F /* SceneDelegate.swift */; };
		CCE3F5C12901B6CC0000233F /* Main.storyboard in Resources */ = {isa = PBXBuildFile; fileRef = CCE3F5BF2901B6CC0000233F /* Main.storyboard */; };
		CCE3F5C32901B6D20000233F /* Assets.xcassets in Resources */ = {isa = PBXBuildFile; fileRef = CCE3F5C22901B6D20000233F /* Assets.xcassets */; };
		CCE3F5C62901B6D20000233F /* LaunchScreen.storyboard in Resources */ = {isa = PBXBuildFile; fileRef = CCE3F5C42901B6D20000233F /* LaunchScreen.storyboard */; };
		CCE3F5CE2901B7070000233F /* NetworkService.swift in Sources */ = {isa = PBXBuildFile; fileRef = CCE3F5CD2901B7070000233F /* NetworkService.swift */; };
		CCE3F5D02901B74C0000233F /* ObservableObject.swift in Sources */ = {isa = PBXBuildFile; fileRef = CCE3F5CF2901B74C0000233F /* ObservableObject.swift */; };
		CCE3F5D22901B7720000233F /* User.swift in Sources */ = {isa = PBXBuildFile; fileRef = CCE3F5D12901B7720000233F /* User.swift */; };
		CCE3F5D42901B7950000233F /* LoginViewModel.swift in Sources */ = {isa = PBXBuildFile; fileRef = CCE3F5D32901B7950000233F /* LoginViewModel.swift */; };
		CCE3F5D62901B7D30000233F /* LoginViewController.swift in Sources */ = {isa = PBXBuildFile; fileRef = CCE3F5D52901B7D30000233F /* LoginViewController.swift */; };
/* End PBXBuildFile section */

/* Begin PBXFileReference section */
		CC241D762902DFBA00DA9DE3 /* HomeViewController.swift */ = {isa = PBXFileReference; lastKnownFileType = sourcecode.swift; path = HomeViewController.swift; sourceTree = "<group>"; };
		CC241D7A2902E3A900DA9DE3 /* HomeViewModel.swift */ = {isa = PBXFileReference; lastKnownFileType = sourcecode.swift; path = HomeViewModel.swift; sourceTree = "<group>"; };
		CCE3F5B62901B6CC0000233F /* WelcomeBackMVVM.app */ = {isa = PBXFileReference; explicitFileType = wrapper.application; includeInIndex = 0; path = WelcomeBackMVVM.app; sourceTree = BUILT_PRODUCTS_DIR; };
		CCE3F5B92901B6CC0000233F /* AppDelegate.swift */ = {isa = PBXFileReference; lastKnownFileType = sourcecode.swift; path = AppDelegate.swift; sourceTree = "<group>"; };
		CCE3F5BB2901B6CC0000233F /* SceneDelegate.swift */ = {isa = PBXFileReference; lastKnownFileType = sourcecode.swift; path = SceneDelegate.swift; sourceTree = "<group>"; };
		CCE3F5C02901B6CC0000233F /* Base */ = {isa = PBXFileReference; lastKnownFileType = file.storyboard; name = Base; path = Base.lproj/Main.storyboard; sourceTree = "<group>"; };
		CCE3F5C22901B6D20000233F /* Assets.xcassets */ = {isa = PBXFileReference; lastKnownFileType = folder.assetcatalog; path = Assets.xcassets; sourceTree = "<group>"; };
		CCE3F5C52901B6D20000233F /* Base */ = {isa = PBXFileReference; lastKnownFileType = file.storyboard; name = Base; path = Base.lproj/LaunchScreen.storyboard; sourceTree = "<group>"; };
		CCE3F5C72901B6D20000233F /* Info.plist */ = {isa = PBXFileReference; lastKnownFileType = text.plist.xml; path = Info.plist; sourceTree = "<group>"; };
		CCE3F5CD2901B7070000233F /* NetworkService.swift */ = {isa = PBXFileReference; lastKnownFileType = sourcecode.swift; path = NetworkService.swift; sourceTree = "<group>"; };
		CCE3F5CF2901B74C0000233F /* ObservableObject.swift */ = {isa = PBXFileReference; lastKnownFileType = sourcecode.swift; path = ObservableObject.swift; sourceTree = "<group>"; };
		CCE3F5D12901B7720000233F /* User.swift */ = {isa = PBXFileReference; lastKnownFileType = sourcecode.swift; path = User.swift; sourceTree = "<group>"; };
		CCE3F5D32901B7950000233F /* LoginViewModel.swift */ = {isa = PBXFileReference; lastKnownFileType = sourcecode.swift; path = LoginViewModel.swift; sourceTree = "<group>"; };
		CCE3F5D52901B7D30000233F /* LoginViewController.swift */ = {isa = PBXFileReference; lastKnownFileType = sourcecode.swift; path = LoginViewController.swift; sourceTree = "<group>"; };
/* End PBXFileReference section */

/* Begin PBXFrameworksBuildPhase section */
		CCE3F5B32901B6CC0000233F /* Frameworks */ = {
			isa = PBXFrameworksBuildPhase;
			buildActionMask = 2147483647;
			files = (
			);
			runOnlyForDeploymentPostprocessing = 0;
		};
/* End PBXFrameworksBuildPhase section */

/* Begin PBXGroup section */
		CC241D782902E37F00DA9DE3 /* LoginView */ = {
			isa = PBXGroup;
			children = (
				CCE3F5D52901B7D30000233F /* LoginViewController.swift */,
				CCE3F5D32901B7950000233F /* LoginViewModel.swift */,
			);
			path = LoginView;
			sourceTree = "<group>";
		};
		CC241D792902E38E00DA9DE3 /* HomeView */ = {
			isa = PBXGroup;
			children = (
				CC241D762902DFBA00DA9DE3 /* HomeViewController.swift */,
				CC241D7A2902E3A900DA9DE3 /* HomeViewModel.swift */,
			);
			path = HomeView;
			sourceTree = "<group>";
		};
		CCE3F5AD2901B6CC0000233F = {
			isa = PBXGroup;
			children = (
				CCE3F5B82901B6CC0000233F /* WelcomeBackMVVM */,
				CCE3F5B72901B6CC0000233F /* Products */,
			);
			sourceTree = "<group>";
		};
		CCE3F5B72901B6CC0000233F /* Products */ = {
			isa = PBXGroup;
			children = (
				CCE3F5B62901B6CC0000233F /* WelcomeBackMVVM.app */,
			);
			name = Products;
			sourceTree = "<group>";
		};
		CCE3F5B82901B6CC0000233F /* WelcomeBackMVVM */ = {
			isa = PBXGroup;
			children = (
				CCE3F5B92901B6CC0000233F /* AppDelegate.swift */,
				CCE3F5BB2901B6CC0000233F /* SceneDelegate.swift */,
				CCE3F5CD2901B7070000233F /* NetworkService.swift */,
				CCE3F5CF2901B74C0000233F /* ObservableObject.swift */,
				CCE3F5D12901B7720000233F /* User.swift */,
				CC241D792902E38E00DA9DE3 /* HomeView */,
				CC241D782902E37F00DA9DE3 /* LoginView */,
				CCE3F5BF2901B6CC0000233F /* Main.storyboard */,
				CCE3F5C22901B6D20000233F /* Assets.xcassets */,
				CCE3F5C42901B6D20000233F /* LaunchScreen.storyboard */,
				CCE3F5C72901B6D20000233F /* Info.plist */,
			);
			path = WelcomeBackMVVM;
			sourceTree = "<group>";
		};
/* End PBXGroup section */

/* Begin PBXNativeTarget section */
		CCE3F5B52901B6CC0000233F /* WelcomeBackMVVM */ = {
			isa = PBXNativeTarget;
			buildConfigurationList = CCE3F5CA2901B6D20000233F /* Build configuration list for PBXNativeTarget "WelcomeBackMVVM" */;
			buildPhases = (
				CCE3F5B22901B6CC0000233F /* Sources */,
				CCE3F5B32901B6CC0000233F /* Frameworks */,
				CCE3F5B42901B6CC0000233F /* Resources */,
			);
			buildRules = (
			);
			dependencies = (
			);
			name = WelcomeBackMVVM;
			productName = WelcomeBackMVVM;
			productReference = CCE3F5B62901B6CC0000233F /* WelcomeBackMVVM.app */;
			productType = "com.apple.product-type.application";
		};
/* End PBXNativeTarget section */

/* Begin PBXProject section */
		CCE3F5AE2901B6CC0000233F /* Project object */ = {
			isa = PBXProject;
			attributes = {
				BuildIndependentTargetsInParallel = 1;
				LastSwiftUpdateCheck = 1400;
				LastUpgradeCheck = 1400;
				TargetAttributes = {
					CCE3F5B52901B6CC0000233F = {
						CreatedOnToolsVersion = 14.0.1;
					};
				};
			};
			buildConfigurationList = CCE3F5B12901B6CC0000233F /* Build configuration list for PBXProject "WelcomeBackMVVM" */;
			compatibilityVersion = "Xcode 14.0";
			developmentRegion = en;
			hasScannedForEncodings = 0;
			knownRegions = (
				en,
				Base,
			);
			mainGroup = CCE3F5AD2901B6CC0000233F;
			productRefGroup = CCE3F5B72901B6CC0000233F /* Products */;
			projectDirPath = "";
			projectRoot = "";
			targets = (
				CCE3F5B52901B6CC0000233F /* WelcomeBackMVVM */,
			);
		};
/* End PBXProject section */

/* Begin PBXResourcesBuildPhase section */
		CCE3F5B42901B6CC0000233F /* Resources */ = {
			isa = PBXResourcesBuildPhase;
			buildActionMask = 2147483647;
			files = (
				CCE3F5C62901B6D20000233F /* LaunchScreen.storyboard in Resources */,
				CCE3F5C32901B6D20000233F /* Assets.xcassets in Resources */,
				CCE3F5C12901B6CC0000233F /* Main.storyboard in Resources */,
			);
			runOnlyForDeploymentPostprocessing = 0;
		};
/* End PBXResourcesBuildPhase section */

/* Begin PBXSourcesBuildPhase section */
		CCE3F5B22901B6CC0000233F /* Sources */ = {
			isa = PBXSourcesBuildPhase;
			buildActionMask = 2147483647;
			files = (
				CCE3F5D62901B7D30000233F /* LoginViewController.swift in Sources */,
				CC241D7B2902E3A900DA9DE3 /* HomeViewModel.swift in Sources */,
				CCE3F5D02901B74C0000233F /* ObservableObject.swift in Sources */,
				CCE3F5D22901B7720000233F /* User.swift in Sources */,
				CC241D772902DFBA00DA9DE3 /* HomeViewController.swift in Sources */,
				CCE3F5BA2901B6CC0000233F /* AppDelegate.swift in Sources */,
				CCE3F5CE2901B7070000233F /* NetworkService.swift in Sources */,
				CCE3F5BC2901B6CC0000233F /* SceneDelegate.swift in Sources */,
				CCE3F5D42901B7950000233F /* LoginViewModel.swift in Sources */,
			);
			runOnlyForDeploymentPostprocessing = 0;
		};
/* End PBXSourcesBuildPhase section */

/* Begin PBXVariantGroup section */
		CCE3F5BF2901B6CC0000233F /* Main.storyboard */ = {
			isa = PBXVariantGroup;
			children = (
				CCE3F5C02901B6CC0000233F /* Base */,
			);
			name = Main.storyboard;
			sourceTree = "<group>";
		};
		CCE3F5C42901B6D20000233F /* LaunchScreen.storyboard */ = {
			isa = PBXVariantGroup;
			children = (
				CCE3F5C52901B6D20000233F /* Base */,
			);
			name = LaunchScreen.storyboard;
			sourceTree = "<group>";
		};
/* End PBXVariantGroup section */

/* Begin XCBuildConfiguration section */
		CCE3F5C82901B6D20000233F /* Debug */ = {
			isa = XCBuildConfiguration;
			buildSettings = {
				ALWAYS_SEARCH_USER_PATHS = NO;
				CLANG_ANALYZER_NONNULL = YES;
				CLANG_ANALYZER_NUMBER_OBJECT_CONVERSION = YES_AGGRESSIVE;
				CLANG_CXX_LANGUAGE_STANDARD = "gnu++20";
				CLANG_ENABLE_MODULES = YES;
				CLANG_ENABLE_OBJC_ARC = YES;
				CLANG_ENABLE_OBJC_WEAK = YES;
				CLANG_WARN_BLOCK_CAPTURE_AUTORELEASING = YES;
				CLANG_WARN_BOOL_CONVERSION = YES;
				CLANG_WARN_COMMA = YES;
				CLANG_WARN_CONSTANT_CONVERSION = YES;
				CLANG_WARN_DEPRECATED_OBJC_IMPLEMENTATIONS = YES;
				CLANG_WARN_DIRECT_OBJC_ISA_USAGE = YES_ERROR;
				CLANG_WARN_DOCUMENTATION_COMMENTS = YES;
				CLANG_WARN_EMPTY_BODY = YES;
				CLANG_WARN_ENUM_CONVERSION = YES;
				CLANG_WARN_INFINITE_RECURSION = YES;
				CLANG_WARN_INT_CONVERSION = YES;
				CLANG_WARN_NON_LITERAL_NULL_CONVERSION = YES;
				CLANG_WARN_OBJC_IMPLICIT_RETAIN_SELF = YES;
				CLANG_WARN_OBJC_LITERAL_CONVERSION = YES;
				CLANG_WARN_OBJC_ROOT_CLASS = YES_ERROR;
				CLANG_WARN_QUOTED_INCLUDE_IN_FRAMEWORK_HEADER = YES;
				CLANG_WARN_RANGE_LOOP_ANALYSIS = YES;
				CLANG_WARN_STRICT_PROTOTYPES = YES;
				CLANG_WARN_SUSPICIOUS_MOVE = YES;
				CLANG_WARN_UNGUARDED_AVAILABILITY = YES_AGGRESSIVE;
				CLANG_WARN_UNREACHABLE_CODE = YES;
				CLANG_WARN__DUPLICATE_METHOD_MATCH = YES;
				COPY_PHASE_STRIP = NO;
				DEBUG_INFORMATION_FORMAT = dwarf;
				ENABLE_STRICT_OBJC_MSGSEND = YES;
				ENABLE_TESTABILITY = YES;
				GCC_C_LANGUAGE_STANDARD = gnu11;
				GCC_DYNAMIC_NO_PIC = NO;
				GCC_NO_COMMON_BLOCKS = YES;
				GCC_OPTIMIZATION_LEVEL = 0;
				GCC_PREPROCESSOR_DEFINITIONS = (
					"DEBUG=1",
					"$(inherited)",
				);
				GCC_WARN_64_TO_32_BIT_CONVERSION = YES;
				GCC_WARN_ABOUT_RETURN_TYPE = YES_ERROR;
				GCC_WARN_UNDECLARED_SELECTOR = YES;
				GCC_WARN_UNINITIALIZED_AUTOS = YES_AGGRESSIVE;
				GCC_WARN_UNUSED_FUNCTION = YES;
				GCC_WARN_UNUSED_VARIABLE = YES;
				IPHONEOS_DEPLOYMENT_TARGET = 16.0;
				MTL_ENABLE_DEBUG_INFO = INCLUDE_SOURCE;
				MTL_FAST_MATH = YES;
				ONLY_ACTIVE_ARCH = YES;
				SDKROOT = iphoneos;
				SWIFT_ACTIVE_COMPILATION_CONDITIONS = DEBUG;
				SWIFT_OPTIMIZATION_LEVEL = "-Onone";
			};
			name = Debug;
		};
		CCE3F5C92901B6D20000233F /* Release */ = {
			isa = XCBuildConfiguration;
			buildSettings = {
				ALWAYS_SEARCH_USER_PATHS = NO;
				CLANG_ANALYZER_NONNULL = YES;
				CLANG_ANALYZER_NUMBER_OBJECT_CONVERSION = YES_AGGRESSIVE;
				CLANG_CXX_LANGUAGE_STANDARD = "gnu++20";
				CLANG_ENABLE_MODULES = YES;
				CLANG_ENABLE_OBJC_ARC = YES;
				CLANG_ENABLE_OBJC_WEAK = YES;
				CLANG_WARN_BLOCK_CAPTURE_AUTORELEASING = YES;
				CLANG_WARN_BOOL_CONVERSION = YES;
				CLANG_WARN_COMMA = YES;
				CLANG_WARN_CONSTANT_CONVERSION = YES;
				CLANG_WARN_DEPRECATED_OBJC_IMPLEMENTATIONS = YES;
				CLANG_WARN_DIRECT_OBJC_ISA_USAGE = YES_ERROR;
				CLANG_WARN_DOCUMENTATION_COMMENTS = YES;
				CLANG_WARN_EMPTY_BODY = YES;
				CLANG_WARN_ENUM_CONVERSION = YES;
				CLANG_WARN_INFINITE_RECURSION = YES;
				CLANG_WARN_INT_CONVERSION = YES;
				CLANG_WARN_NON_LITERAL_NULL_CONVERSION = YES;
				CLANG_WARN_OBJC_IMPLICIT_RETAIN_SELF = YES;
				CLANG_WARN_OBJC_LITERAL_CONVERSION = YES;
				CLANG_WARN_OBJC_ROOT_CLASS = YES_ERROR;
				CLANG_WARN_QUOTED_INCLUDE_IN_FRAMEWORK_HEADER = YES;
				CLANG_WARN_RANGE_LOOP_ANALYSIS = YES;
				CLANG_WARN_STRICT_PROTOTYPES = YES;
				CLANG_WARN_SUSPICIOUS_MOVE = YES;
				CLANG_WARN_UNGUARDED_AVAILABILITY = YES_AGGRESSIVE;
				CLANG_WARN_UNREACHABLE_CODE = YES;
				CLANG_WARN__DUPLICATE_METHOD_MATCH = YES;
				COPY_PHASE_STRIP = NO;
				DEBUG_INFORMATION_FORMAT = "dwarf-with-dsym";
				ENABLE_NS_ASSERTIONS = NO;
				ENABLE_STRICT_OBJC_MSGSEND = YES;
				GCC_C_LANGUAGE_STANDARD = gnu11;
				GCC_NO_COMMON_BLOCKS = YES;
				GCC_WARN_64_TO_32_BIT_CONVERSION = YES;
				GCC_WARN_ABOUT_RETURN_TYPE = YES_ERROR;
				GCC_WARN_UNDECLARED_SELECTOR = YES;
				GCC_WARN_UNINITIALIZED_AUTOS = YES_AGGRESSIVE;
				GCC_WARN_UNUSED_FUNCTION = YES;
				GCC_WARN_UNUSED_VARIABLE = YES;
				IPHONEOS_DEPLOYMENT_TARGET = 16.0;
				MTL_ENABLE_DEBUG_INFO = NO;
				MTL_FAST_MATH = YES;
				SDKROOT = iphoneos;
				SWIFT_COMPILATION_MODE = wholemodule;
				SWIFT_OPTIMIZATION_LEVEL = "-O";
				VALIDATE_PRODUCT = YES;
			};
			name = Release;
		};
		CCE3F5CB2901B6D20000233F /* Debug */ = {
			isa = XCBuildConfiguration;
			buildSettings = {
				ASSETCATALOG_COMPILER_APPICON_NAME = AppIcon;
				ASSETCATALOG_COMPILER_GLOBAL_ACCENT_COLOR_NAME = AccentColor;
				CODE_SIGN_STYLE = Automatic;
				CURRENT_PROJECT_VERSION = 1;
				DEVELOPMENT_TEAM = 6QGWXNWMFJ;
				GENERATE_INFOPLIST_FILE = YES;
				INFOPLIST_FILE = WelcomeBackMVVM/Info.plist;
				INFOPLIST_KEY_UIApplicationSupportsIndirectInputEvents = YES;
				INFOPLIST_KEY_UILaunchStoryboardName = LaunchScreen;
				INFOPLIST_KEY_UIMainStoryboardFile = Main;
				INFOPLIST_KEY_UISupportedInterfaceOrientations_iPad = "UIInterfaceOrientationPortrait UIInterfaceOrientationPortraitUpsideDown UIInterfaceOrientationLandscapeLeft UIInterfaceOrientationLandscapeRight";
				INFOPLIST_KEY_UISupportedInterfaceOrientations_iPhone = "UIInterfaceOrientationPortrait UIInterfaceOrientationLandscapeLeft UIInterfaceOrientationLandscapeRight";
				LD_RUNPATH_SEARCH_PATHS = (
					"$(inherited)",
					"@executable_path/Frameworks",
				);
				MARKETING_VERSION = 1.0;
				PRODUCT_BUNDLE_IDENTIFIER = ru.alexGaida.WelcomeBackMVVM;
				PRODUCT_NAME = "$(TARGET_NAME)";
				SUPPORTED_PLATFORMS = "iphoneos iphonesimulator";
				SUPPORTS_MACCATALYST = NO;
				SUPPORTS_MAC_DESIGNED_FOR_IPHONE_IPAD = NO;
				SWIFT_EMIT_LOC_STRINGS = YES;
				SWIFT_VERSION = 5.0;
				TARGETED_DEVICE_FAMILY = 1;
			};
			name = Debug;
		};
		CCE3F5CC2901B6D20000233F /* Release */ = {
			isa = XCBuildConfiguration;
			buildSettings = {
				ASSETCATALOG_COMPILER_APPICON_NAME = AppIcon;
				ASSETCATALOG_COMPILER_GLOBAL_ACCENT_COLOR_NAME = AccentColor;
				CODE_SIGN_STYLE = Automatic;
				CURRENT_PROJECT_VERSION = 1;
				DEVELOPMENT_TEAM = 6QGWXNWMFJ;
				GENERATE_INFOPLIST_FILE = YES;
				INFOPLIST_FILE = WelcomeBackMVVM/Info.plist;
				INFOPLIST_KEY_UIApplicationSupportsIndirectInputEvents = YES;
				INFOPLIST_KEY_UILaunchStoryboardName = LaunchScreen;
				INFOPLIST_KEY_UIMainStoryboardFile = Main;
				INFOPLIST_KEY_UISupportedInterfaceOrientations_iPad = "UIInterfaceOrientationPortrait UIInterfaceOrientationPortraitUpsideDown UIInterfaceOrientationLandscapeLeft UIInterfaceOrientationLandscapeRight";
				INFOPLIST_KEY_UISupportedInterfaceOrientations_iPhone = "UIInterfaceOrientationPortrait UIInterfaceOrientationLandscapeLeft UIInterfaceOrientationLandscapeRight";
				LD_RUNPATH_SEARCH_PATHS = (
					"$(inherited)",
					"@executable_path/Frameworks",
				);
				MARKETING_VERSION = 1.0;
				PRODUCT_BUNDLE_IDENTIFIER = ru.alexGaida.WelcomeBackMVVM;
				PRODUCT_NAME = "$(TARGET_NAME)";
				SUPPORTED_PLATFORMS = "iphoneos iphonesimulator";
				SUPPORTS_MACCATALYST = NO;
				SUPPORTS_MAC_DESIGNED_FOR_IPHONE_IPAD = NO;
				SWIFT_EMIT_LOC_STRINGS = YES;
				SWIFT_VERSION = 5.0;
				TARGETED_DEVICE_FAMILY = 1;
			};
			name = Release;
		};
/* End XCBuildConfiguration section */

/* Begin XCConfigurationList section */
		CCE3F5B12901B6CC0000233F /* Build configuration list for PBXProject "WelcomeBackMVVM" */ = {
			isa = XCConfigurationList;
			buildConfigurations = (
				CCE3F5C82901B6D20000233F /* Debug */,
				CCE3F5C92901B6D20000233F /* Release */,
			);
			defaultConfigurationIsVisible = 0;
			defaultConfigurationName = Release;
		};
		CCE3F5CA2901B6D20000233F /* Build configuration list for PBXNativeTarget "WelcomeBackMVVM" */ = {
			isa = XCConfigurationList;
			buildConfigurations = (
				CCE3F5CB2901B6D20000233F /* Debug */,
				CCE3F5CC2901B6D20000233F /* Release */,
			);
			defaultConfigurationIsVisible = 0;
			defaultConfigurationName = Release;
		};
/* End XCConfigurationList section */
	};
	rootObject = CCE3F5AE2901B6CC0000233F /* Project object */;
}
